Microsoft Visual Studio Solution File, Format Version 12.00
# Visual Studio Version 16
VisualStudioVersion = 16.0.0.0
MinimumVisualStudioVersion = 16.0.0.0
Project("{9A19103F-16F7-4668-BE54-9A1E7A4F7556}") = "Ultimate4ByteDb.Server", "Server\Ultimate4ByteDb.Server.csproj", "{72C36C12-9B24-4CC5-9191-F50A6782E546}"
EndProject
Project("{9A19103F-16F7-4668-BE54-9A1E7A4F7556}") = "Ultimate4ByteDb.Client", "Client\Ultimate4ByteDb.Client.csproj", "{D20B6609-D9C8-44B7-A6B8-9079FB299198}"
EndProject
Project("{9A19103F-16F7-4668-BE54-9A1E7A4F7556}") = "Ultimate4ByteDb.Shared", "Shared\Ultimate4ByteDb.Shared.csproj", "{11F985F2-7C60-48A7-B048-02DC804D05A5}"
EndProject
Global
	GlobalSection(SolutionConfigurationPlatforms) = preSolution
		Debug|Any CPU = Debug|Any CPU
		Debug|x64 = Debug|x64
		Debug|x86 = Debug|x86
		Release|Any CPU = Release|Any CPU
		Release|x64 = Release|x64
		Release|x86 = Release|x86
	EndGlobalSection
	GlobalSection(ProjectConfigurationPlatforms) = postSolution
		{D20B6609-D9C8-44B7-A6B8-9079FB299198}.Debug|Any CPU.ActiveCfg = Debug|Any CPU
		{D20B6609-D9C8-44B7-A6B8-9079FB299198}.Debug|Any CPU.Build.0 = Debug|Any CPU
		{D20B6609-D9C8-44B7-A6B8-9079FB299198}.Debug|x64.ActiveCfg = Debug|Any CPU
		{D20B6609-D9C8-44B7-A6B8-9079FB299198}.Debug|x64.Build.0 = Debug|Any CPU
		{D20B6609-D9C8-44B7-A6B8-9079FB299198}.Debug|x86.ActiveCfg = Debug|Any CPU
		{D20B6609-D9C8-44B7-A6B8-9079FB299198}.Debug|x86.Build.0 = Debug|Any CPU
		{D20B6609-D9C8-44B7-A6B8-9079FB299198}.Release|Any CPU.ActiveCfg = Release|Any CPU
		{D20B6609-D9C8-44B7-A6B8-9079FB299198}.Release|Any CPU.Build.0 = Release|Any CPU
		{D20B6609-D9C8-44B7-A6B8-9079FB299198}.Release|x64.ActiveCfg = Release|Any CPU
		{D20B6609-D9C8-44B7-A6B8-9079FB299198}.Release|x64.Build.0 = Release|Any CPU
		{D20B6609-D9C8-44B7-A6B8-9079FB299198}.Release|x86.ActiveCfg = Release|Any CPU
		{D20B6609-D9C8-44B7-A6B8-9079FB299198}.Release|x86.Build.0 = Release|Any CPU
		{72C36C12-9B24-4CC5-9191-F50A6782E546}.Debug|Any CPU.ActiveCfg = Debug|Any CPU
		{72C36C12-9B24-4CC5-9191-F50A6782E546}.Debug|Any CPU.Build.0 = Debug|Any CPU
		{72C36C12-9B24-4CC5-9191-F50A6782E546}.Debug|x64.ActiveCfg = Debug|Any CPU
		{72C36C12-9B24-4CC5-9191-F50A6782E546}.Debug|x64.Build.0 = Debug|Any CPU
		{72C36C12-9B24-4CC5-9191-F50A6782E546}.Debug|x86.ActiveCfg = Debug|Any CPU
		{72C36C12-9B24-4CC5-9191-F50A6782E546}.Debug|x86.Build.0 = Debug|Any CPU
		{72C36C12-9B24-4CC5-9191-F50A6782E546}.Release|Any CPU.ActiveCfg = Release|Any CPU
		{72C36C12-9B24-4CC5-9191-F50A6782E546}.Release|Any CPU.Build.0 = Release|Any CPU
		{72C36C12-9B24-4CC5-9191-F50A6782E546}.Release|x64.ActiveCfg = Release|Any CPU
		{72C36C12-9B24-4CC5-9191-F50A6782E546}.Release|x64.Build.0 = Release|Any CPU
		{72C36C12-9B24-4CC5-9191-F50A6782E546}.Release|x86.ActiveCfg = Release|Any CPU
		{72C36C12-9B24-4CC5-9191-F50A6782E546}.Release|x86.Build.0 = Release|Any CPU
		{11F985F2-7C60-48A7-B048-02DC804D05A5}.Debug|Any CPU.ActiveCfg = Debug|Any CPU
		{11F985F2-7C60-48A7-B048-02DC804D05A5}.Debug|Any CPU.Build.0 = Debug|Any CPU
		{11F985F2-7C60-48A7-B048-02DC804D05A5}.Debug|x64.ActiveCfg = Debug|Any CPU
		{11F985F2-7C60-48A7-B048-02DC804D05A5}.Debug|x64.Build.0 = Debug|Any CPU
		{11F985F2-7C60-48A7-B048-02DC804D05A5}.Debug|x86.ActiveCfg = Debug|Any CPU
		{11F985F2-7C60-48A7-B048-02DC804D05A5}.Debug|x86.Build.0 = Debug|Any CPU
		{11F985F2-7C60-48A7-B048-02DC804D05A5}.Release|Any CPU.ActiveCfg = Release|Any CPU
		{11F985F2-7C60-48A7-B048-02DC804D05A5}.Release|Any CPU.Build.0 = Release|Any CPU
		{11F985F2-7C60-48A7-B048-02DC804D05A5}.Release|x64.ActiveCfg = Release|Any CPU
		{11F985F2-7C60-48A7-B048-02DC804D05A5}.Release|x64.Build.0 = Release|Any CPU
		{11F985F2-7C60-48A7-B048-02DC804D05A5}.Release|x86.ActiveCfg = Release|Any CPU
		{11F985F2-7C60-48A7-B048-02DC804D05A5}.Release|x86.Build.0 = Release|Any CPU
	EndGlobalSection
	GlobalSection(SolutionProperties) = preSolution
		HideSolutionNode = FALSE
	EndGlobalSection
	GlobalSection(ExtensibilityGlobals) = postSolution
		SolutionGuid = {CDD37FA1-A6E8-422B-8FB4-6815258FCCFE}
	EndGlobalSection
EndGlobal